<?xml version="1.0" encoding="utf-8"?>
<Project ToolsVersion="4.0" xmlns="http://schemas.microsoft.com/developer/msbuild/2003">
  <ItemGroup>
    <Filter Include="Source Files">
      <UniqueIdentifier>{4FC737F1-C7A5-4376-A066-2A32D752A2FF}</UniqueIdentifier>
      <Extensions>cpp;c;cc;cxx;def;odl;idl;hpj;bat;asm;asmx</Extensions>
    </Filter>
    <Filter Include="Header Files">
      <UniqueIdentifier>{93995380-89BD-4b04-88EB-625FBE52EBFB}</UniqueIdentifier>
      <Extensions>h;hpp;hxx;hm;inl;inc;xsd</Extensions>
    </Filter>
    <Filter Include="Resource Files">
      <UniqueIdentifier>{67DA6AB6-F800-4c08-8B7A-83BB121AAD01}</UniqueIdentifier>
      <Extensions>rc;ico;cur;bmp;dlg;rc2;rct;bin;rgs;gif;jpg;jpeg;jpe;resx;tiff;tif;png;wav;mfcribbon-ms</Extensions>
    </Filter>
    <Filter Include="GAME">
      <UniqueIdentifier>{377c17a4-67de-43c9-9f0b-00340ec23850}</UniqueIdentifier>
    </Filter>
    <Filter Include="Entrada">
      <UniqueIdentifier>{bfe00969-ea23-4aeb-be96-52535a35d1fc}</UniqueIdentifier>
    </Filter>
    <Filter Include="Salida">
      <UniqueIdentifier>{dab43ec5-9938-4758-b032-f4d969465177}</UniqueIdentifier>
    </Filter>
  </ItemGroup>
  <ItemGroup>
    <None Include="ReadMe.txt" />
  </ItemGroup>
  <ItemGroup>
    <ClInclude Include="stdafx.h">
      <Filter>Header Files</Filter>
    </ClInclude>
    <ClInclude Include="targetver.h">
      <Filter>Header Files</Filter>
    </ClInclude>
    <ClInclude Include="Game.h">
      <Filter>GAME</Filter>
    </ClInclude>
    <ClInclude Include="keyboard.h">
      <Filter>Entrada</Filter>
    </ClInclude>
    <ClInclude Include="GraphicManager.h">
      <Filter>Salida</Filter>
    </ClInclude>
  </ItemGroup>
  <ItemGroup>
    <ClCompile Include="stdafx.cpp">
      <Filter>Source Files</Filter>
    </ClCompile>
    <ClCompile Include="PuntoYCaja.cpp">
      <Filter>Source Files</Filter>
    </ClCompile>
    <ClCompile Include="Game.cpp">
      <Filter>GAME</Filter>
    </ClCompile>
    <ClCompile Include="keyboard.cpp">
      <Filter>Entrada</Filter>
    </ClCompile>
    <ClCompile Include="GraphicManager.cpp">
      <Filter>Salida</Filter>
    </ClCompile>
  </ItemGroup>
</Project>