<?xml version="1.0" encoding="utf-8"?>
<Project ToolsVersion="4.0" xmlns="http://schemas.microsoft.com/developer/msbuild/2003">
  <ItemGroup>
    <Filter Include="Source Files">
      <UniqueIdentifier>{4FC737F1-C7A5-4376-A066-2A32D752A2FF}</UniqueIdentifier>
      <Extensions>cpp;c;cc;cxx;def;odl;idl;hpj;bat;asm;asmx</Extensions>
    </Filter>
    <Filter Include="Header Files">
      <UniqueIdentifier>{93995380-89BD-4b04-88EB-625FBE52EBFB}</UniqueIdentifier>
      <Extensions>h;hpp;hxx;hm;inl;inc;xsd</Extensions>
    </Filter>
    <Filter Include="Resource Files">
      <UniqueIdentifier>{67DA6AB6-F800-4c08-8B7A-83BB121AAD01}</UniqueIdentifier>
      <Extensions>rc;ico;cur;bmp;dlg;rc2;rct;bin;rgs;gif;jpg;jpeg;jpe;resx;tiff;tif;png;wav;mfcribbon-ms</Extensions>
    </Filter>
    <Filter Include="Entrada">
      <UniqueIdentifier>{6abd5f84-c36f-49fc-a71b-5c91518e742b}</UniqueIdentifier>
    </Filter>
    <Filter Include="GAME">
      <UniqueIdentifier>{7144cf5e-cf12-4df6-9b4d-4cdbabafdb91}</UniqueIdentifier>
    </Filter>
    <Filter Include="Salida">
      <UniqueIdentifier>{ee2f1e1c-0dd3-4e4e-adbd-9ede56259850}</UniqueIdentifier>
    </Filter>
    <Filter Include="Listas">
      <UniqueIdentifier>{09c8cf22-bd48-44f5-9b3a-a7af88bfc921}</UniqueIdentifier>
    </Filter>
    <Filter Include="Entidades">
      <UniqueIdentifier>{885ef521-3b6a-43d9-87bf-8fc3881312e2}</UniqueIdentifier>
    </Filter>
  </ItemGroup>
  <ItemGroup>
    <None Include="ReadMe.txt" />
  </ItemGroup>
  <ItemGroup>
    <ClInclude Include="stdafx.h">
      <Filter>Header Files</Filter>
    </ClInclude>
    <ClInclude Include="targetver.h">
      <Filter>Header Files</Filter>
    </ClInclude>
    <ClInclude Include="GraphicManager.h">
      <Filter>Salida</Filter>
    </ClInclude>
    <ClInclude Include="Lista.h">
      <Filter>Listas</Filter>
    </ClInclude>
    <ClInclude Include="Game.h">
      <Filter>GAME</Filter>
    </ClInclude>
    <ClInclude Include="Jugador.h">
      <Filter>Entidades</Filter>
    </ClInclude>
    <ClInclude Include="keyboard.h">
      <Filter>Entrada</Filter>
    </ClInclude>
  </ItemGroup>
  <ItemGroup>
    <ClCompile Include="stdafx.cpp">
      <Filter>Source Files</Filter>
    </ClCompile>
    <ClCompile Include="Connect4.cpp">
      <Filter>Source Files</Filter>
    </ClCompile>
    <ClCompile Include="GraphicManager.cpp">
      <Filter>Salida</Filter>
    </ClCompile>
    <ClCompile Include="Lista.cpp">
      <Filter>Listas</Filter>
    </ClCompile>
    <ClCompile Include="Game.cpp">
      <Filter>GAME</Filter>
    </ClCompile>
    <ClCompile Include="keyboard.cpp">
      <Filter>Entrada</Filter>
    </ClCompile>
  </ItemGroup>
</Project>