<?xml version="1.0" encoding="utf-8"?>
<Project ToolsVersion="4.0" xmlns="http://schemas.microsoft.com/developer/msbuild/2003">
  <ItemGroup>
    <Filter Include="Resource Files">
      <UniqueIdentifier>{67DA6AB6-F800-4c08-8B7A-83BB121AAD01}</UniqueIdentifier>
      <Extensions>rc;ico;cur;bmp;dlg;rc2;rct;bin;rgs;gif;jpg;jpeg;jpe;resx;tiff;tif;png;wav;mfcribbon-ms</Extensions>
    </Filter>
    <Filter Include="XML">
      <UniqueIdentifier>{e7456675-2138-4107-bb78-73b868aa5b45}</UniqueIdentifier>
    </Filter>
    <Filter Include="SPRITES">
      <UniqueIdentifier>{0f241daa-7258-4013-b123-efb564ecf459}</UniqueIdentifier>
    </Filter>
    <Filter Include="GAME">
      <UniqueIdentifier>{7dbdcbef-df6c-4dfc-97a3-9c9d7a77b403}</UniqueIdentifier>
    </Filter>
    <Filter Include="Particles">
      <UniqueIdentifier>{330dc13b-03ce-47c9-b275-e3767dbbff21}</UniqueIdentifier>
    </Filter>
  </ItemGroup>
  <ItemGroup>
    <ClCompile Include="main.cpp" />
    <ClCompile Include="Game.cpp">
      <Filter>GAME</Filter>
    </ClCompile>
    <ClCompile Include="tinystr.cpp">
      <Filter>XML</Filter>
    </ClCompile>
    <ClCompile Include="tinyxmlparser.cpp">
      <Filter>XML</Filter>
    </ClCompile>
    <ClCompile Include="tinyxml.cpp">
      <Filter>XML</Filter>
    </ClCompile>
    <ClCompile Include="tinyxmlerror.cpp">
      <Filter>XML</Filter>
    </ClCompile>
  </ItemGroup>
  <ItemGroup>
    <ClInclude Include="main.h" />
    <ClInclude Include="Game.h">
      <Filter>GAME</Filter>
    </ClInclude>
    <ClInclude Include="tinystr.h">
      <Filter>XML</Filter>
    </ClInclude>
    <ClInclude Include="tinyxml.h">
      <Filter>XML</Filter>
    </ClInclude>
    <ClInclude Include="Sprites.h">
      <Filter>SPRITES</Filter>
    </ClInclude>
    <ClInclude Include="Particles.h">
      <Filter>Particles</Filter>
    </ClInclude>
  </ItemGroup>
</Project>