<?xml version="1.0" encoding="utf-8"?>
<Project ToolsVersion="4.0" xmlns="http://schemas.microsoft.com/developer/msbuild/2003">
  <ItemGroup>
    <Filter Include="Source Files">
      <UniqueIdentifier>{4FC737F1-C7A5-4376-A066-2A32D752A2FF}</UniqueIdentifier>
      <Extensions>cpp;c;cc;cxx;def;odl;idl;hpj;bat;asm;asmx</Extensions>
    </Filter>
    <Filter Include="Header Files">
      <UniqueIdentifier>{93995380-89BD-4b04-88EB-625FBE52EBFB}</UniqueIdentifier>
      <Extensions>h;hpp;hxx;hm;inl;inc;xsd</Extensions>
    </Filter>
    <Filter Include="Resource Files">
      <UniqueIdentifier>{67DA6AB6-F800-4c08-8B7A-83BB121AAD01}</UniqueIdentifier>
      <Extensions>rc;ico;cur;bmp;dlg;rc2;rct;bin;rgs;gif;jpg;jpeg;jpe;resx;tiff;tif;png;wav;mfcribbon-ms</Extensions>
    </Filter>
    <Filter Include="Entrada">
      <UniqueIdentifier>{ec714f3e-1c7a-4f79-9d4e-681a6c2410eb}</UniqueIdentifier>
    </Filter>
    <Filter Include="Salida">
      <UniqueIdentifier>{a340b0a3-c3f5-4c5d-81d3-fc983e99d7eb}</UniqueIdentifier>
    </Filter>
    <Filter Include="Game">
      <UniqueIdentifier>{b8ebd0ab-7c2b-4bd8-93a4-741d707a2aa7}</UniqueIdentifier>
    </Filter>
    <Filter Include="Utilidades">
      <UniqueIdentifier>{c913b85f-3d53-44e5-9e63-6d470786b7df}</UniqueIdentifier>
    </Filter>
  </ItemGroup>
  <ItemGroup>
    <None Include="ReadMe.txt" />
  </ItemGroup>
  <ItemGroup>
    <ClInclude Include="stdafx.h">
      <Filter>Header Files</Filter>
    </ClInclude>
    <ClInclude Include="targetver.h">
      <Filter>Header Files</Filter>
    </ClInclude>
    <ClInclude Include="GAME.h">
      <Filter>Game</Filter>
    </ClInclude>
    <ClInclude Include="GraphicManager.h">
      <Filter>Salida</Filter>
    </ClInclude>
    <ClInclude Include="keyboard.h">
      <Filter>Entrada</Filter>
    </ClInclude>
    <ClInclude Include="Utilidades.h">
      <Filter>Utilidades</Filter>
    </ClInclude>
  </ItemGroup>
  <ItemGroup>
    <ClCompile Include="stdafx.cpp">
      <Filter>Source Files</Filter>
    </ClCompile>
    <ClCompile Include="TicTacToeFinal.cpp">
      <Filter>Source Files</Filter>
    </ClCompile>
    <ClCompile Include="GraphicManager.cpp">
      <Filter>Salida</Filter>
    </ClCompile>
    <ClCompile Include="GAME.cpp">
      <Filter>Game</Filter>
    </ClCompile>
    <ClCompile Include="keyboard.cpp">
      <Filter>Entrada</Filter>
    </ClCompile>
    <ClCompile Include="Utilidades.cpp">
      <Filter>Utilidades</Filter>
    </ClCompile>
  </ItemGroup>
</Project>